
Microsoft Visual Studio Solution File, Format Version 12.00
# Visual Studio Version 17
VisualStudioVersion = 17.0.31903.59
MinimumVisualStudioVersion = 10.0.40219.1
Project("{FAE04EC0-301F-11D3-BF4B-00C04F79EFBC}") = "CalculatorModule", "CalculatorModule\CalculatorModule.csproj", "{2123A0FF-0E1D-4844-B703-7C85D1CA620E}"
EndProject
Project("{FAE04EC0-301F-11D3-BF4B-00C04F79EFBC}") = "GreetingModule", "GreetingModule\GreetingModule.csproj", "{D898ACA1-BEEF-4447-BBA2-17EE72B3AF98}"
EndProject
Project("{FAE04EC0-301F-11D3-BF4B-00C04F79EFBC}") = "Tests", "Tests\Tests.csproj", "{D6B631FD-46D5-4965-B51F-EBEB7B65798F}"
EndProject
Global
	GlobalSection(SolutionConfigurationPlatforms) = preSolution
		Debug|Any CPU = Debug|Any CPU
		Debug|x64 = Debug|x64
		Debug|x86 = Debug|x86
		Release|Any CPU = Release|Any CPU
		Release|x64 = Release|x64
		Release|x86 = Release|x86
	EndGlobalSection
	GlobalSection(ProjectConfigurationPlatforms) = postSolution
		{2123A0FF-0E1D-4844-B703-7C85D1CA620E}.Debug|Any CPU.ActiveCfg = Debug|Any CPU
		{2123A0FF-0E1D-4844-B703-7C85D1CA620E}.Debug|Any CPU.Build.0 = Debug|Any CPU
		{2123A0FF-0E1D-4844-B703-7C85D1CA620E}.Debug|x64.ActiveCfg = Debug|Any CPU
		{2123A0FF-0E1D-4844-B703-7C85D1CA620E}.Debug|x64.Build.0 = Debug|Any CPU
		{2123A0FF-0E1D-4844-B703-7C85D1CA620E}.Debug|x86.ActiveCfg = Debug|Any CPU
		{2123A0FF-0E1D-4844-B703-7C85D1CA620E}.Debug|x86.Build.0 = Debug|Any CPU
		{2123A0FF-0E1D-4844-B703-7C85D1CA620E}.Release|Any CPU.ActiveCfg = Release|Any CPU
		{2123A0FF-0E1D-4844-B703-7C85D1CA620E}.Release|Any CPU.Build.0 = Release|Any CPU
		{2123A0FF-0E1D-4844-B703-7C85D1CA620E}.Release|x64.ActiveCfg = Release|Any CPU
		{2123A0FF-0E1D-4844-B703-7C85D1CA620E}.Release|x64.Build.0 = Release|Any CPU
		{2123A0FF-0E1D-4844-B703-7C85D1CA620E}.Release|x86.ActiveCfg = Release|Any CPU
		{2123A0FF-0E1D-4844-B703-7C85D1CA620E}.Release|x86.Build.0 = Release|Any CPU
		{D898ACA1-BEEF-4447-BBA2-17EE72B3AF98}.Debug|Any CPU.ActiveCfg = Debug|Any CPU
		{D898ACA1-BEEF-4447-BBA2-17EE72B3AF98}.Debug|Any CPU.Build.0 = Debug|Any CPU
		{D898ACA1-BEEF-4447-BBA2-17EE72B3AF98}.Debug|x64.ActiveCfg = Debug|Any CPU
		{D898ACA1-BEEF-4447-BBA2-17EE72B3AF98}.Debug|x64.Build.0 = Debug|Any CPU
		{D898ACA1-BEEF-4447-BBA2-17EE72B3AF98}.Debug|x86.ActiveCfg = Debug|Any CPU
		{D898ACA1-BEEF-4447-BBA2-17EE72B3AF98}.Debug|x86.Build.0 = Debug|Any CPU
		{D898ACA1-BEEF-4447-BBA2-17EE72B3AF98}.Release|Any CPU.ActiveCfg = Release|Any CPU
		{D898ACA1-BEEF-4447-BBA2-17EE72B3AF98}.Release|Any CPU.Build.0 = Release|Any CPU
		{D898ACA1-BEEF-4447-BBA2-17EE72B3AF98}.Release|x64.ActiveCfg = Release|Any CPU
		{D898ACA1-BEEF-4447-BBA2-17EE72B3AF98}.Release|x64.Build.0 = Release|Any CPU
		{D898ACA1-BEEF-4447-BBA2-17EE72B3AF98}.Release|x86.ActiveCfg = Release|Any CPU
		{D898ACA1-BEEF-4447-BBA2-17EE72B3AF98}.Release|x86.Build.0 = Release|Any CPU
		{D6B631FD-46D5-4965-B51F-EBEB7B65798F}.Debug|Any CPU.ActiveCfg = Debug|Any CPU
		{D6B631FD-46D5-4965-B51F-EBEB7B65798F}.Debug|Any CPU.Build.0 = Debug|Any CPU
		{D6B631FD-46D5-4965-B51F-EBEB7B65798F}.Debug|x64.ActiveCfg = Debug|Any CPU
		{D6B631FD-46D5-4965-B51F-EBEB7B65798F}.Debug|x64.Build.0 = Debug|Any CPU
		{D6B631FD-46D5-4965-B51F-EBEB7B65798F}.Debug|x86.ActiveCfg = Debug|Any CPU
		{D6B631FD-46D5-4965-B51F-EBEB7B65798F}.Debug|x86.Build.0 = Debug|Any CPU
		{D6B631FD-46D5-4965-B51F-EBEB7B65798F}.Release|Any CPU.ActiveCfg = Release|Any CPU
		{D6B631FD-46D5-4965-B51F-EBEB7B65798F}.Release|Any CPU.Build.0 = Release|Any CPU
		{D6B631FD-46D5-4965-B51F-EBEB7B65798F}.Release|x64.ActiveCfg = Release|Any CPU
		{D6B631FD-46D5-4965-B51F-EBEB7B65798F}.Release|x64.Build.0 = Release|Any CPU
		{D6B631FD-46D5-4965-B51F-EBEB7B65798F}.Release|x86.ActiveCfg = Release|Any CPU
		{D6B631FD-46D5-4965-B51F-EBEB7B65798F}.Release|x86.Build.0 = Release|Any CPU
	EndGlobalSection
	GlobalSection(SolutionProperties) = preSolution
		HideSolutionNode = FALSE
	EndGlobalSection
EndGlobal
